{
  "name": "test-package",
  "version": "1.0.0",
  "lockfileVersion": 1,
  "requires": true,
  "dependencies": {
    "jest": {
      "version": "26.4.2",
      "resolved": "https://registry.npmjs.org/jest/-/jest-26.4.2.tgz",
      "integrity": "sha512-bfD7W8MvE9X7ZUf5ZU1rW8rvnFjOqZ/MkZj8fy7QG/q3N/yVjK5N/e5g9d5/ej52LrpjbUaY6Uv5vUxjKUJ1g=="
    }
  }
}
